github.com/davecgh/go-spew v1.1.1 h1:vj9j/u1bqnvCEfJOwUhtlOARqs3+rkHYY13jYWTU97c=
github.com/davecgh/go-spew v1.1.1/go.mod h1:J7Y8YcW2NihsgmVo/mv3lAwl/skON4iLHjSsI+c5H38=
github.com/erigontech/mdbx-go v0.40.0 h1:wbjPSyF/jQWafvNYZOkz93m2kZRnh2MN5OkH6kOroGs=
github.com/erigontech/mdbx-go v0.40.0/go.mod h1:tHUS492F5YZvccRqatNdpTDQAaN+Vv4HRARYq89KqeY=
github.com/facebookgo/ensure v0.0.0-20200202191622-63f1cf65ac4c h1:8ISkoahWXwZR41ois5lSJBSVw4D0OV19Ht/JSTzvSv0=
github.com/facebookgo/ensure v0.0.0-20200202191622-63f1cf65ac4c/go.mod h1:Yg+htXGokKKdzcwhuNDwVvN+uBxDGXJ7G/VN1d8fa64=
github.com/facebookgo/stack v0.0.0-20160209184415-751773369052 h1:JWuenKqqX8nojtoVVWjGfOF9635RETekkoH6Cc9SX0A=
github.com/facebookgo/stack v0.0.0-20160209184415-751773369052/go.mod h1:UbMTZqLaRiH3MsBH8va0n7s1pQYcu3uTb8G4tygF4Zg=
github.com/facebookgo/subset v0.0.0-20200203212716-c811ad88dec4 h1:7HZCaLC5+BZpmbhCOZJ293Lz68O7PYrF2EzeiFMwCLk=
github.com/facebookgo/subset v0.0.0-20200203212716-c811ad88dec4/go.mod h1:5tD+neXqOorC30/tWg0LCSkrqj/AR6gu8yY8/fpw1q0=
github.com/ianlancetaylor/cgosymbolizer v0.0.0-20241129212102-9c50ad6b591e h1:8AnObPi8WmIgjwcidUxaREhXMSpyUJeeSrIkZTXdabw=
github.com/ianlancetaylor/cgosymbolizer v0.0.0-20241129212102-9c50ad6b591e/go.mod h1:DvXTE/K/RtHehxU8/GtDs4vFtfw64jJ3PaCnFri8CRg=
github.com/pmezard/go-difflib v1.0.0 h1:4DBwDE0NGyQoBHbLQYPwSUPoCMWR5BEzIk/f1lZbAQM=
github.com/pmezard/go-difflib v1.0.0/go.mod h1:iKH77koFhYxTK1pcRnkKkqfTogsbg7gZNVY4sRDYZ/4=
github.com/stretchr/testify v1.10.0 h1:Xv5erBjTwe/5IxqUQTdXv5kgmIvbHo3QQyRwhJsOfJA=
github.com/stretchr/testify v1.10.0/go.mod h1:r2ic/lqez/lEtzL7wO/rwa5dbSLXVDPFyf8C91i36aY=
github.com/tecbot/gorocksdb v0.0.0-20191217155057-f0fad39f321c h1:g+WoO5jjkqGAzHWCjJB1zZfXPIAaDpzXIEJ0eS6B5Ok=
github.com/tecbot/gorocksdb v0.0.0-20191217155057-f0fad39f321c/go.mod h1:ahpPrc7HpcfEWDQRZEmnXMzHY03mLDYMCxeDzy46i+8=
go.etcd.io/bbolt v1.4.3 h1:dEadXpI6G79deX5prL3QRNP6JB8UxVkqo4UPnHaNXJo=
go.etcd.io/bbolt v1.4.3/go.mod h1:tKQlpPaYCVFctUIgFKFnAlvbmB3tpy1vkTnDWohtc0E=
golang.org/x/sync v0.10.0 h1:3NQrjDixjgGwUOCaF8w2+VYHv0Ve/vGYSbdkTa98gmQ=
golang.org/x/sync v0.10.0/go.mod h1:Czt+wKu1gCyEFDUtn0jG5QVvpJ6rzVqr5aXyt9drQfk=
golang.org/x/sys v0.31.0 h1:ioabZlmFYtWhL+TRYpcnNlLwhyxaM9kWTDEmfnprqik=
golang.org/x/sys v0.31.0/go.mod h1:BJP2sWEmIv4KK5OTEluFJCKSidICx8ciO85XgH3Ak8k=
gopkg.in/yaml.v3 v3.0.1 h1:fxVm/GzAzEWqLHuvctI91KS9hhNmmWOoWu0XTYJS7CA=
gopkg.in/yaml.v3 v3.0.1/go.mod h1:K4uyk7z7BCEPqu6E+C64Yfv1cQ7kz7rIZviUmN+EgEM=
